
Microsoft Visual Studio Solution File, Format Version 12.00
# Visual Studio Version 17
VisualStudioVersion = 17.2.32630.192
MinimumVisualStudioVersion = 10.0.40219.1
Project("{2150E333-8FDC-42A3-9474-1A3956D46DE8}") = "01 - Unit Test", "01 - Unit Test", "{E05FE0E6-A96E-4EE9-986C-52460F6499D6}"
EndProject
Project("{2150E333-8FDC-42A3-9474-1A3956D46DE8}") = "02 - TDD", "02 - TDD", "{3641AB3D-0F66-406F-8DC6-59F5BEE687CB}"
EndProject
Project("{2150E333-8FDC-42A3-9474-1A3956D46DE8}") = "03 - Integration Test", "03 - Integration Test", "{EB318432-F369-46D8-85F8-CBC0A0BE9C2A}"
EndProject
Project("{2150E333-8FDC-42A3-9474-1A3956D46DE8}") = "04 - BDD", "04 - BDD", "{355AF63A-93EF-49AA-80DF-35D19845C955}"
EndProject
Project("{2150E333-8FDC-42A3-9474-1A3956D46DE8}") = "1.1 - Basic Test", "1.1 - Basic Test", "{1634C3A5-1EE7-4BD6-BD88-4FCC0B59C9C6}"
EndProject
Project("{2150E333-8FDC-42A3-9474-1A3956D46DE8}") = "2.2 - Feature", "2.2 - Feature", "{22C5283E-B60F-4071-AD7E-C46BDAB1AE8A}"
EndProject
Project("{9A19103F-16F7-4668-BE54-9A1E7A4F7556}") = "Demo", "01 - Unit Test\Demo\Demo.csproj", "{9B4FB1C9-29BB-423A-893C-5D32950CC08F}"
EndProject
Project("{9A19103F-16F7-4668-BE54-9A1E7A4F7556}") = "Demo.Tests", "01 - Unit Test\Demo.Tests\Demo.Tests.csproj", "{020D2F85-881C-4A31-8455-F77A7B33003F}"
EndProject
Project("{9A19103F-16F7-4668-BE54-9A1E7A4F7556}") = "Features", "01 - Unit Test\Features\Features.csproj", "{E1D05DE9-C767-47AC-9975-A0FDD6F4632F}"
EndProject
Project("{9A19103F-16F7-4668-BE54-9A1E7A4F7556}") = "Features.Tests", "01 - Unit Test\Features.Tests\Features.Tests.csproj", "{BFFD8822-6BE3-46BD-AC71-C48F9B50B67F}"
EndProject
Project("{9A19103F-16F7-4668-BE54-9A1E7A4F7556}") = "NerdStore.Core", "02 - TDD\src\NerdStore.Core\NerdStore.Core.csproj", "{EF97889F-97CE-4B88-8528-150DCB27BF93}"
EndProject
Project("{9A19103F-16F7-4668-BE54-9A1E7A4F7556}") = "NerdStore.Vendas.Application", "02 - TDD\src\NerdStore.Vendas.Application\NerdStore.Vendas.Application.csproj", "{A3AE8A0B-063F-494F-AE0C-097796B3BC78}"
EndProject
Project("{9A19103F-16F7-4668-BE54-9A1E7A4F7556}") = "NerdStore.Vendas.Data", "02 - TDD\src\NerdStore.Vendas.Data\NerdStore.Vendas.Data.csproj", "{52DA471F-21DE-47AD-8DE8-47843B759B67}"
EndProject
Project("{9A19103F-16F7-4668-BE54-9A1E7A4F7556}") = "NerdStore.Vendas.Domain", "02 - TDD\src\NerdStore.Vendas.Domain\NerdStore.Vendas.Domain.csproj", "{6AB189CD-10E0-44D4-A438-7AD04449FE55}"
EndProject
Project("{2150E333-8FDC-42A3-9474-1A3956D46DE8}") = "Tests", "Tests", "{20DA7B04-156E-4259-814D-485B60D9AE2D}"
EndProject
Project("{9A19103F-16F7-4668-BE54-9A1E7A4F7556}") = "NerdStore.Vendas.Application.Tests", "02 - TDD\tests\NerdStore.Vendas.Application.Tests\NerdStore.Vendas.Application.Tests.csproj", "{3F46AD30-2A9A-4E93-87F2-1BA2F807A75D}"
EndProject
Project("{9A19103F-16F7-4668-BE54-9A1E7A4F7556}") = "NerdStore.Vendas.Domain.Tests", "02 - TDD\tests\NerdStore.Vendas.Domain.Tests\NerdStore.Vendas.Domain.Tests.csproj", "{1F2A8157-9B69-4E3E-8C09-C23886B98147}"
EndProject
Project("{2150E333-8FDC-42A3-9474-1A3956D46DE8}") = "Integration Tests", "Integration Tests", "{FD2F999A-3EC7-4D1B-B231-F1F3FE7087F8}"
EndProject
Project("{2150E333-8FDC-42A3-9474-1A3956D46DE8}") = "Unit Tests", "Unit Tests", "{BC83E120-CD91-47CC-9551-3138EA0CFC3F}"
EndProject
Project("{9A19103F-16F7-4668-BE54-9A1E7A4F7556}") = "NerdStore.WebApp.Tests", "03 - Integration Test\tests\NerdStore.WebApp.Tests\NerdStore.WebApp.Tests.csproj", "{98CF3B24-2C40-414E-BE27-068FE28B770F}"
EndProject
Project("{9A19103F-16F7-4668-BE54-9A1E7A4F7556}") = "NerdStore.Catalogo.Domain.Tests", "03 - Integration Test\tests\NerdStore.Catalogo.Domain.Tests\NerdStore.Catalogo.Domain.Tests.csproj", "{4A816BE9-46C7-45F0-8495-EF282C921288}"
EndProject
Project("{9A19103F-16F7-4668-BE54-9A1E7A4F7556}") = "NerdStore.Catalogo.Application", "03 - Integration Test\src\NerdStore.Catalogo.Application\NerdStore.Catalogo.Application.csproj", "{62201F84-BE5A-4796-A4F9-F72B6D97325B}"
EndProject
Project("{9A19103F-16F7-4668-BE54-9A1E7A4F7556}") = "NerdStore.Catalogo.Data", "03 - Integration Test\src\NerdStore.Catalogo.Data\NerdStore.Catalogo.Data.csproj", "{2B1B76EF-B785-4186-BFCE-A493F4A7B194}"
EndProject
Project("{9A19103F-16F7-4668-BE54-9A1E7A4F7556}") = "NerdStore.Catalogo.Domain", "03 - Integration Test\src\NerdStore.Catalogo.Domain\NerdStore.Catalogo.Domain.csproj", "{071BD325-D308-491D-80EB-FA55B109A946}"
EndProject
Project("{9A19103F-16F7-4668-BE54-9A1E7A4F7556}") = "NerdStore.WebApp.MVC", "03 - Integration Test\src\NerdStore.WebApp.MVC\NerdStore.WebApp.MVC.csproj", "{4C5F44B8-CFFE-437F-B124-A2BD76AC2591}"
EndProject
Project("{9A19103F-16F7-4668-BE54-9A1E7A4F7556}") = "NerdStore.BDD.Tests", "04 - BDD\tests\NerdStore.BDD.Tests\NerdStore.BDD.Tests.csproj", "{12C65593-C4F5-4B70-BFBF-BE6207E22275}"
EndProject
Global
	GlobalSection(SolutionConfigurationPlatforms) = preSolution
		Debug|Any CPU = Debug|Any CPU
		Release|Any CPU = Release|Any CPU
	EndGlobalSection
	GlobalSection(ProjectConfigurationPlatforms) = postSolution
		{9B4FB1C9-29BB-423A-893C-5D32950CC08F}.Debug|Any CPU.ActiveCfg = Debug|Any CPU
		{9B4FB1C9-29BB-423A-893C-5D32950CC08F}.Debug|Any CPU.Build.0 = Debug|Any CPU
		{9B4FB1C9-29BB-423A-893C-5D32950CC08F}.Release|Any CPU.ActiveCfg = Release|Any CPU
		{9B4FB1C9-29BB-423A-893C-5D32950CC08F}.Release|Any CPU.Build.0 = Release|Any CPU
		{020D2F85-881C-4A31-8455-F77A7B33003F}.Debug|Any CPU.ActiveCfg = Debug|Any CPU
		{020D2F85-881C-4A31-8455-F77A7B33003F}.Debug|Any CPU.Build.0 = Debug|Any CPU
		{020D2F85-881C-4A31-8455-F77A7B33003F}.Release|Any CPU.ActiveCfg = Release|Any CPU
		{020D2F85-881C-4A31-8455-F77A7B33003F}.Release|Any CPU.Build.0 = Release|Any CPU
		{E1D05DE9-C767-47AC-9975-A0FDD6F4632F}.Debug|Any CPU.ActiveCfg = Debug|Any CPU
		{E1D05DE9-C767-47AC-9975-A0FDD6F4632F}.Debug|Any CPU.Build.0 = Debug|Any CPU
		{E1D05DE9-C767-47AC-9975-A0FDD6F4632F}.Release|Any CPU.ActiveCfg = Release|Any CPU
		{E1D05DE9-C767-47AC-9975-A0FDD6F4632F}.Release|Any CPU.Build.0 = Release|Any CPU
		{BFFD8822-6BE3-46BD-AC71-C48F9B50B67F}.Debug|Any CPU.ActiveCfg = Debug|Any CPU
		{BFFD8822-6BE3-46BD-AC71-C48F9B50B67F}.Debug|Any CPU.Build.0 = Debug|Any CPU
		{BFFD8822-6BE3-46BD-AC71-C48F9B50B67F}.Release|Any CPU.ActiveCfg = Release|Any CPU
		{BFFD8822-6BE3-46BD-AC71-C48F9B50B67F}.Release|Any CPU.Build.0 = Release|Any CPU
		{EF97889F-97CE-4B88-8528-150DCB27BF93}.Debug|Any CPU.ActiveCfg = Debug|Any CPU
		{EF97889F-97CE-4B88-8528-150DCB27BF93}.Debug|Any CPU.Build.0 = Debug|Any CPU
		{EF97889F-97CE-4B88-8528-150DCB27BF93}.Release|Any CPU.ActiveCfg = Release|Any CPU
		{EF97889F-97CE-4B88-8528-150DCB27BF93}.Release|Any CPU.Build.0 = Release|Any CPU
		{A3AE8A0B-063F-494F-AE0C-097796B3BC78}.Debug|Any CPU.ActiveCfg = Debug|Any CPU
		{A3AE8A0B-063F-494F-AE0C-097796B3BC78}.Debug|Any CPU.Build.0 = Debug|Any CPU
		{A3AE8A0B-063F-494F-AE0C-097796B3BC78}.Release|Any CPU.ActiveCfg = Release|Any CPU
		{A3AE8A0B-063F-494F-AE0C-097796B3BC78}.Release|Any CPU.Build.0 = Release|Any CPU
		{52DA471F-21DE-47AD-8DE8-47843B759B67}.Debug|Any CPU.ActiveCfg = Debug|Any CPU
		{52DA471F-21DE-47AD-8DE8-47843B759B67}.Debug|Any CPU.Build.0 = Debug|Any CPU
		{52DA471F-21DE-47AD-8DE8-47843B759B67}.Release|Any CPU.ActiveCfg = Release|Any CPU
		{52DA471F-21DE-47AD-8DE8-47843B759B67}.Release|Any CPU.Build.0 = Release|Any CPU
		{6AB189CD-10E0-44D4-A438-7AD04449FE55}.Debug|Any CPU.ActiveCfg = Debug|Any CPU
		{6AB189CD-10E0-44D4-A438-7AD04449FE55}.Debug|Any CPU.Build.0 = Debug|Any CPU
		{6AB189CD-10E0-44D4-A438-7AD04449FE55}.Release|Any CPU.ActiveCfg = Release|Any CPU
		{6AB189CD-10E0-44D4-A438-7AD04449FE55}.Release|Any CPU.Build.0 = Release|Any CPU
		{3F46AD30-2A9A-4E93-87F2-1BA2F807A75D}.Debug|Any CPU.ActiveCfg = Debug|Any CPU
		{3F46AD30-2A9A-4E93-87F2-1BA2F807A75D}.Debug|Any CPU.Build.0 = Debug|Any CPU
		{3F46AD30-2A9A-4E93-87F2-1BA2F807A75D}.Release|Any CPU.ActiveCfg = Release|Any CPU
		{3F46AD30-2A9A-4E93-87F2-1BA2F807A75D}.Release|Any CPU.Build.0 = Release|Any CPU
		{1F2A8157-9B69-4E3E-8C09-C23886B98147}.Debug|Any CPU.ActiveCfg = Debug|Any CPU
		{1F2A8157-9B69-4E3E-8C09-C23886B98147}.Debug|Any CPU.Build.0 = Debug|Any CPU
		{1F2A8157-9B69-4E3E-8C09-C23886B98147}.Release|Any CPU.ActiveCfg = Release|Any CPU
		{1F2A8157-9B69-4E3E-8C09-C23886B98147}.Release|Any CPU.Build.0 = Release|Any CPU
		{98CF3B24-2C40-414E-BE27-068FE28B770F}.Debug|Any CPU.ActiveCfg = Debug|Any CPU
		{98CF3B24-2C40-414E-BE27-068FE28B770F}.Debug|Any CPU.Build.0 = Debug|Any CPU
		{98CF3B24-2C40-414E-BE27-068FE28B770F}.Release|Any CPU.ActiveCfg = Release|Any CPU
		{98CF3B24-2C40-414E-BE27-068FE28B770F}.Release|Any CPU.Build.0 = Release|Any CPU
		{4A816BE9-46C7-45F0-8495-EF282C921288}.Debug|Any CPU.ActiveCfg = Debug|Any CPU
		{4A816BE9-46C7-45F0-8495-EF282C921288}.Debug|Any CPU.Build.0 = Debug|Any CPU
		{4A816BE9-46C7-45F0-8495-EF282C921288}.Release|Any CPU.ActiveCfg = Release|Any CPU
		{4A816BE9-46C7-45F0-8495-EF282C921288}.Release|Any CPU.Build.0 = Release|Any CPU
		{62201F84-BE5A-4796-A4F9-F72B6D97325B}.Debug|Any CPU.ActiveCfg = Debug|Any CPU
		{62201F84-BE5A-4796-A4F9-F72B6D97325B}.Debug|Any CPU.Build.0 = Debug|Any CPU
		{62201F84-BE5A-4796-A4F9-F72B6D97325B}.Release|Any CPU.ActiveCfg = Release|Any CPU
		{62201F84-BE5A-4796-A4F9-F72B6D97325B}.Release|Any CPU.Build.0 = Release|Any CPU
		{2B1B76EF-B785-4186-BFCE-A493F4A7B194}.Debug|Any CPU.ActiveCfg = Debug|Any CPU
		{2B1B76EF-B785-4186-BFCE-A493F4A7B194}.Debug|Any CPU.Build.0 = Debug|Any CPU
		{2B1B76EF-B785-4186-BFCE-A493F4A7B194}.Release|Any CPU.ActiveCfg = Release|Any CPU
		{2B1B76EF-B785-4186-BFCE-A493F4A7B194}.Release|Any CPU.Build.0 = Release|Any CPU
		{071BD325-D308-491D-80EB-FA55B109A946}.Debug|Any CPU.ActiveCfg = Debug|Any CPU
		{071BD325-D308-491D-80EB-FA55B109A946}.Debug|Any CPU.Build.0 = Debug|Any CPU
		{071BD325-D308-491D-80EB-FA55B109A946}.Release|Any CPU.ActiveCfg = Release|Any CPU
		{071BD325-D308-491D-80EB-FA55B109A946}.Release|Any CPU.Build.0 = Release|Any CPU
		{4C5F44B8-CFFE-437F-B124-A2BD76AC2591}.Debug|Any CPU.ActiveCfg = Debug|Any CPU
		{4C5F44B8-CFFE-437F-B124-A2BD76AC2591}.Debug|Any CPU.Build.0 = Debug|Any CPU
		{4C5F44B8-CFFE-437F-B124-A2BD76AC2591}.Release|Any CPU.ActiveCfg = Release|Any CPU
		{4C5F44B8-CFFE-437F-B124-A2BD76AC2591}.Release|Any CPU.Build.0 = Release|Any CPU
		{12C65593-C4F5-4B70-BFBF-BE6207E22275}.Debug|Any CPU.ActiveCfg = Debug|Any CPU
		{12C65593-C4F5-4B70-BFBF-BE6207E22275}.Debug|Any CPU.Build.0 = Debug|Any CPU
		{12C65593-C4F5-4B70-BFBF-BE6207E22275}.Release|Any CPU.ActiveCfg = Release|Any CPU
		{12C65593-C4F5-4B70-BFBF-BE6207E22275}.Release|Any CPU.Build.0 = Release|Any CPU
	EndGlobalSection
	GlobalSection(SolutionProperties) = preSolution
		HideSolutionNode = FALSE
	EndGlobalSection
	GlobalSection(NestedProjects) = preSolution
		{1634C3A5-1EE7-4BD6-BD88-4FCC0B59C9C6} = {E05FE0E6-A96E-4EE9-986C-52460F6499D6}
		{22C5283E-B60F-4071-AD7E-C46BDAB1AE8A} = {E05FE0E6-A96E-4EE9-986C-52460F6499D6}
		{9B4FB1C9-29BB-423A-893C-5D32950CC08F} = {1634C3A5-1EE7-4BD6-BD88-4FCC0B59C9C6}
		{020D2F85-881C-4A31-8455-F77A7B33003F} = {1634C3A5-1EE7-4BD6-BD88-4FCC0B59C9C6}
		{E1D05DE9-C767-47AC-9975-A0FDD6F4632F} = {22C5283E-B60F-4071-AD7E-C46BDAB1AE8A}
		{BFFD8822-6BE3-46BD-AC71-C48F9B50B67F} = {22C5283E-B60F-4071-AD7E-C46BDAB1AE8A}
		{EF97889F-97CE-4B88-8528-150DCB27BF93} = {3641AB3D-0F66-406F-8DC6-59F5BEE687CB}
		{A3AE8A0B-063F-494F-AE0C-097796B3BC78} = {3641AB3D-0F66-406F-8DC6-59F5BEE687CB}
		{52DA471F-21DE-47AD-8DE8-47843B759B67} = {3641AB3D-0F66-406F-8DC6-59F5BEE687CB}
		{6AB189CD-10E0-44D4-A438-7AD04449FE55} = {3641AB3D-0F66-406F-8DC6-59F5BEE687CB}
		{20DA7B04-156E-4259-814D-485B60D9AE2D} = {3641AB3D-0F66-406F-8DC6-59F5BEE687CB}
		{3F46AD30-2A9A-4E93-87F2-1BA2F807A75D} = {20DA7B04-156E-4259-814D-485B60D9AE2D}
		{1F2A8157-9B69-4E3E-8C09-C23886B98147} = {20DA7B04-156E-4259-814D-485B60D9AE2D}
		{FD2F999A-3EC7-4D1B-B231-F1F3FE7087F8} = {EB318432-F369-46D8-85F8-CBC0A0BE9C2A}
		{BC83E120-CD91-47CC-9551-3138EA0CFC3F} = {EB318432-F369-46D8-85F8-CBC0A0BE9C2A}
		{98CF3B24-2C40-414E-BE27-068FE28B770F} = {FD2F999A-3EC7-4D1B-B231-F1F3FE7087F8}
		{4A816BE9-46C7-45F0-8495-EF282C921288} = {BC83E120-CD91-47CC-9551-3138EA0CFC3F}
		{62201F84-BE5A-4796-A4F9-F72B6D97325B} = {EB318432-F369-46D8-85F8-CBC0A0BE9C2A}
		{2B1B76EF-B785-4186-BFCE-A493F4A7B194} = {EB318432-F369-46D8-85F8-CBC0A0BE9C2A}
		{071BD325-D308-491D-80EB-FA55B109A946} = {EB318432-F369-46D8-85F8-CBC0A0BE9C2A}
		{4C5F44B8-CFFE-437F-B124-A2BD76AC2591} = {EB318432-F369-46D8-85F8-CBC0A0BE9C2A}
		{12C65593-C4F5-4B70-BFBF-BE6207E22275} = {355AF63A-93EF-49AA-80DF-35D19845C955}
	EndGlobalSection
	GlobalSection(ExtensibilityGlobals) = postSolution
		SolutionGuid = {D3F15BD3-D67B-4FEC-BE11-884E8F0B48A8}
	EndGlobalSection
EndGlobal
